
Microsoft Visual Studio Solution File, Format Version 12.00
# Visual Studio Version 17
VisualStudioVersion = 17.9.34607.119
MinimumVisualStudioVersion = 10.0.40219.1
Project("{FAE04EC0-301F-11D3-BF4B-00C04F79EFBC}") = "Accounting Management", "Accounting Management\Accounting Management.csproj", "{0E323056-7394-441E-A1EA-F3744CF07EDB}"
EndProject
Global
	GlobalSection(SolutionConfigurationPlatforms) = preSolution
		Debug|Any CPU = Debug|Any CPU
		Release|Any CPU = Release|Any CPU
	EndGlobalSection
	GlobalSection(ProjectConfigurationPlatforms) = postSolution
		{0E323056-7394-441E-A1EA-F3744CF07EDB}.Debug|Any CPU.ActiveCfg = Debug|Any CPU
		{0E323056-7394-441E-A1EA-F3744CF07EDB}.Debug|Any CPU.Build.0 = Debug|Any CPU
		{0E323056-7394-441E-A1EA-F3744CF07EDB}.Release|Any CPU.ActiveCfg = Release|Any CPU
		{0E323056-7394-441E-A1EA-F3744CF07EDB}.Release|Any CPU.Build.0 = Release|Any CPU
	EndGlobalSection
	GlobalSection(SolutionProperties) = preSolution
		HideSolutionNode = FALSE
	EndGlobalSection
	GlobalSection(ExtensibilityGlobals) = postSolution
		SolutionGuid = {729017D2-51D7-48C4-A9C4-2D65EBC0AD2D}
	EndGlobalSection
EndGlobal
